
Microsoft Visual Studio Solution File, Format Version 12.00
# Visual Studio Version 17
VisualStudioVersion = 17.6.33815.320
MinimumVisualStudioVersion = 10.0.40219.1
Project("{FAE04EC0-301F-11D3-BF4B-00C04F79EFBC}") = "BlogCore", "BlogCore\BlogCore.csproj", "{34733137-D35D-41A9-93C4-D896A1717089}"
EndProject
Project("{FAE04EC0-301F-11D3-BF4B-00C04F79EFBC}") = "BlogCore.AccesoDatos", "BlogCore.AccesoDatos\BlogCore.AccesoDatos.csproj", "{8B7E54C5-6B86-4154-B609-0FE7D62E0EE6}"
EndProject
Project("{FAE04EC0-301F-11D3-BF4B-00C04F79EFBC}") = "BlogCore.Models", "BlogCore.Models\BlogCore.Models.csproj", "{FF1FDBE3-070E-4391-9EF4-B0043C59F562}"
EndProject
Project("{FAE04EC0-301F-11D3-BF4B-00C04F79EFBC}") = "BlogCore.Utilidades", "BlogCore.Utilidades\BlogCore.Utilidades.csproj", "{F949AAF7-4FDC-4F78-BB5F-9A2D76057041}"
EndProject
Global
	GlobalSection(SolutionConfigurationPlatforms) = preSolution
		Debug|Any CPU = Debug|Any CPU
		Release|Any CPU = Release|Any CPU
	EndGlobalSection
	GlobalSection(ProjectConfigurationPlatforms) = postSolution
		{34733137-D35D-41A9-93C4-D896A1717089}.Debug|Any CPU.ActiveCfg = Debug|Any CPU
		{34733137-D35D-41A9-93C4-D896A1717089}.Debug|Any CPU.Build.0 = Debug|Any CPU
		{34733137-D35D-41A9-93C4-D896A1717089}.Release|Any CPU.ActiveCfg = Release|Any CPU
		{34733137-D35D-41A9-93C4-D896A1717089}.Release|Any CPU.Build.0 = Release|Any CPU
		{8B7E54C5-6B86-4154-B609-0FE7D62E0EE6}.Debug|Any CPU.ActiveCfg = Debug|Any CPU
		{8B7E54C5-6B86-4154-B609-0FE7D62E0EE6}.Debug|Any CPU.Build.0 = Debug|Any CPU
		{8B7E54C5-6B86-4154-B609-0FE7D62E0EE6}.Release|Any CPU.ActiveCfg = Release|Any CPU
		{8B7E54C5-6B86-4154-B609-0FE7D62E0EE6}.Release|Any CPU.Build.0 = Release|Any CPU
		{FF1FDBE3-070E-4391-9EF4-B0043C59F562}.Debug|Any CPU.ActiveCfg = Debug|Any CPU
		{FF1FDBE3-070E-4391-9EF4-B0043C59F562}.Debug|Any CPU.Build.0 = Debug|Any CPU
		{FF1FDBE3-070E-4391-9EF4-B0043C59F562}.Release|Any CPU.ActiveCfg = Release|Any CPU
		{FF1FDBE3-070E-4391-9EF4-B0043C59F562}.Release|Any CPU.Build.0 = Release|Any CPU
		{F949AAF7-4FDC-4F78-BB5F-9A2D76057041}.Debug|Any CPU.ActiveCfg = Debug|Any CPU
		{F949AAF7-4FDC-4F78-BB5F-9A2D76057041}.Debug|Any CPU.Build.0 = Debug|Any CPU
		{F949AAF7-4FDC-4F78-BB5F-9A2D76057041}.Release|Any CPU.ActiveCfg = Release|Any CPU
		{F949AAF7-4FDC-4F78-BB5F-9A2D76057041}.Release|Any CPU.Build.0 = Release|Any CPU
	EndGlobalSection
	GlobalSection(SolutionProperties) = preSolution
		HideSolutionNode = FALSE
	EndGlobalSection
	GlobalSection(ExtensibilityGlobals) = postSolution
		SolutionGuid = {BF506699-7371-455E-AD38-8E84BD253AB8}
	EndGlobalSection
EndGlobal
